// !$*UTF8*$!
{
	archiveVersion = 1;
	classes = {
	};
	objectVersion = 50;
	objects = {

/* Begin PBXBuildFile section */
		E7647F712509601C004A4AD6 /* AppDelegate.swift in Sources */ = {isa = PBXBuildFile; fileRef = E7647F702509601C004A4AD6 /* AppDelegate.swift */; };
		E7647F732509601C004A4AD6 /* SceneDelegate.swift in Sources */ = {isa = PBXBuildFile; fileRef = E7647F722509601C004A4AD6 /* SceneDelegate.swift */; };
		E7647F782509601C004A4AD6 /* Main.storyboard in Resources */ = {isa = PBXBuildFile; fileRef = E7647F762509601C004A4AD6 /* Main.storyboard */; };
		E7647F7A2509601C004A4AD6 /* Assets.xcassets in Resources */ = {isa = PBXBuildFile; fileRef = E7647F792509601C004A4AD6 /* Assets.xcassets */; };
		E7647F7D2509601C004A4AD6 /* LaunchScreen.storyboard in Resources */ = {isa = PBXBuildFile; fileRef = E7647F7B2509601C004A4AD6 /* LaunchScreen.storyboard */; };
		E7647F882509601C004A4AD6 /* DocumentsTests.swift in Sources */ = {isa = PBXBuildFile; fileRef = E7647F872509601C004A4AD6 /* DocumentsTests.swift */; };
		E7647F932509601D004A4AD6 /* DocumentsUITests.swift in Sources */ = {isa = PBXBuildFile; fileRef = E7647F922509601D004A4AD6 /* DocumentsUITests.swift */; };
		E7647FA125096367004A4AD6 /* DocumentsListViewController.swift in Sources */ = {isa = PBXBuildFile; fileRef = E7647FA025096367004A4AD6 /* DocumentsListViewController.swift */; };
		E7CAC7342509690B0087C777 /* DocumentCreateViewController.swift in Sources */ = {isa = PBXBuildFile; fileRef = E7CAC7332509690B0087C777 /* DocumentCreateViewController.swift */; };
		E7CAC73A25096C590087C777 /* Document.swift in Sources */ = {isa = PBXBuildFile; fileRef = E7CAC73925096C590087C777 /* Document.swift */; };
/* End PBXBuildFile section */

/* Begin PBXContainerItemProxy section */
		E7647F842509601C004A4AD6 /* PBXContainerItemProxy */ = {
			isa = PBXContainerItemProxy;
			containerPortal = E7647F652509601C004A4AD6 /* Project object */;
			proxyType = 1;
			remoteGlobalIDString = E7647F6C2509601C004A4AD6;
			remoteInfo = Documents;
		};
		E7647F8F2509601D004A4AD6 /* PBXContainerItemProxy */ = {
			isa = PBXContainerItemProxy;
			containerPortal = E7647F652509601C004A4AD6 /* Project object */;
			proxyType = 1;
			remoteGlobalIDString = E7647F6C2509601C004A4AD6;
			remoteInfo = Documents;
		};
/* End PBXContainerItemProxy section */

/* Begin PBXFileReference section */
		E7647F6D2509601C004A4AD6 /* Documents.app */ = {isa = PBXFileReference; explicitFileType = wrapper.application; includeInIndex = 0; path = Documents.app; sourceTree = BUILT_PRODUCTS_DIR; };
		E7647F702509601C004A4AD6 /* AppDelegate.swift */ = {isa = PBXFileReference; lastKnownFileType = sourcecode.swift; path = AppDelegate.swift; sourceTree = "<group>"; };
		E7647F722509601C004A4AD6 /* SceneDelegate.swift */ = {isa = PBXFileReference; lastKnownFileType = sourcecode.swift; path = SceneDelegate.swift; sourceTree = "<group>"; };
		E7647F772509601C004A4AD6 /* Base */ = {isa = PBXFileReference; lastKnownFileType = file.storyboard; name = Base; path = Base.lproj/Main.storyboard; sourceTree = "<group>"; };
		E7647F792509601C004A4AD6 /* Assets.xcassets */ = {isa = PBXFileReference; lastKnownFileType = folder.assetcatalog; path = Assets.xcassets; sourceTree = "<group>"; };
		E7647F7C2509601C004A4AD6 /* Base */ = {isa = PBXFileReference; lastKnownFileType = file.storyboard; name = Base; path = Base.lproj/LaunchScreen.storyboard; sourceTree = "<group>"; };
		E7647F7E2509601C004A4AD6 /* Info.plist */ = {isa = PBXFileReference; lastKnownFileType = text.plist.xml; path = Info.plist; sourceTree = "<group>"; };
		E7647F832509601C004A4AD6 /* DocumentsTests.xctest */ = {isa = PBXFileReference; explicitFileType = wrapper.cfbundle; includeInIndex = 0; path = DocumentsTests.xctest; sourceTree = BUILT_PRODUCTS_DIR; };
		E7647F872509601C004A4AD6 /* DocumentsTests.swift */ = {isa = PBXFileReference; lastKnownFileType = sourcecode.swift; path = DocumentsTests.swift; sourceTree = "<group>"; };
		E7647F892509601C004A4AD6 /* Info.plist */ = {isa = PBXFileReference; lastKnownFileType = text.plist.xml; path = Info.plist; sourceTree = "<group>"; };
		E7647F8E2509601D004A4AD6 /* DocumentsUITests.xctest */ = {isa = PBXFileReference; explicitFileType = wrapper.cfbundle; includeInIndex = 0; path = DocumentsUITests.xctest; sourceTree = BUILT_PRODUCTS_DIR; };
		E7647F922509601D004A4AD6 /* DocumentsUITests.swift */ = {isa = PBXFileReference; lastKnownFileType = sourcecode.swift; path = DocumentsUITests.swift; sourceTree = "<group>"; };
		E7647F942509601D004A4AD6 /* Info.plist */ = {isa = PBXFileReference; lastKnownFileType = text.plist.xml; path = Info.plist; sourceTree = "<group>"; };
		E7647FA025096367004A4AD6 /* DocumentsListViewController.swift */ = {isa = PBXFileReference; lastKnownFileType = sourcecode.swift; path = DocumentsListViewController.swift; sourceTree = "<group>"; };
		E7CAC7332509690B0087C777 /* DocumentCreateViewController.swift */ = {isa = PBXFileReference; lastKnownFileType = sourcecode.swift; path = DocumentCreateViewController.swift; sourceTree = "<group>"; };
		E7CAC73925096C590087C777 /* Document.swift */ = {isa = PBXFileReference; lastKnownFileType = sourcecode.swift; path = Document.swift; sourceTree = "<group>"; };
/* End PBXFileReference section */

/* Begin PBXFrameworksBuildPhase section */
		E7647F6A2509601C004A4AD6 /* Frameworks */ = {
			isa = PBXFrameworksBuildPhase;
			buildActionMask = 2147483647;
			files = (
			);
			runOnlyForDeploymentPostprocessing = 0;
		};
		E7647F802509601C004A4AD6 /* Frameworks */ = {
			isa = PBXFrameworksBuildPhase;
			buildActionMask = 2147483647;
			files = (
			);
			runOnlyForDeploymentPostprocessing = 0;
		};
		E7647F8B2509601D004A4AD6 /* Frameworks */ = {
			isa = PBXFrameworksBuildPhase;
			buildActionMask = 2147483647;
			files = (
			);
			runOnlyForDeploymentPostprocessing = 0;
		};
/* End PBXFrameworksBuildPhase section */

/* Begin PBXGroup section */
		E7647F642509601C004A4AD6 = {
			isa = PBXGroup;
			children = (
				E7647F6F2509601C004A4AD6 /* Documents */,
				E7647F862509601C004A4AD6 /* DocumentsTests */,
				E7647F912509601D004A4AD6 /* DocumentsUITests */,
				E7647F6E2509601C004A4AD6 /* Products */,
			);
			sourceTree = "<group>";
		};
		E7647F6E2509601C004A4AD6 /* Products */ = {
			isa = PBXGroup;
			children = (
				E7647F6D2509601C004A4AD6 /* Documents.app */,
				E7647F832509601C004A4AD6 /* DocumentsTests.xctest */,
				E7647F8E2509601D004A4AD6 /* DocumentsUITests.xctest */,
			);
			name = Products;
			sourceTree = "<group>";
		};
		E7647F6F2509601C004A4AD6 /* Documents */ = {
			isa = PBXGroup;
			children = (
				E7647F702509601C004A4AD6 /* AppDelegate.swift */,
				E7647F722509601C004A4AD6 /* SceneDelegate.swift */,
				E7647F762509601C004A4AD6 /* Main.storyboard */,
				E7647F792509601C004A4AD6 /* Assets.xcassets */,
				E7647F7B2509601C004A4AD6 /* LaunchScreen.storyboard */,
				E7647F7E2509601C004A4AD6 /* Info.plist */,
				E7647FA025096367004A4AD6 /* DocumentsListViewController.swift */,
				E7CAC7332509690B0087C777 /* DocumentCreateViewController.swift */,
				E7CAC73925096C590087C777 /* Document.swift */,
			);
			path = Documents;
			sourceTree = "<group>";
		};
		E7647F862509601C004A4AD6 /* DocumentsTests */ = {
			isa = PBXGroup;
			children = (
				E7647F872509601C004A4AD6 /* DocumentsTests.swift */,
				E7647F892509601C004A4AD6 /* Info.plist */,
			);
			path = DocumentsTests;
			sourceTree = "<group>";
		};
		E7647F912509601D004A4AD6 /* DocumentsUITests */ = {
			isa = PBXGroup;
			children = (
				E7647F922509601D004A4AD6 /* DocumentsUITests.swift */,
				E7647F942509601D004A4AD6 /* Info.plist */,
			);
			path = DocumentsUITests;
			sourceTree = "<group>";
		};
/* End PBXGroup section */

/* Begin PBXNativeTarget section */
		E7647F6C2509601C004A4AD6 /* Documents */ = {
			isa = PBXNativeTarget;
			buildConfigurationList = E7647F972509601D004A4AD6 /* Build configuration list for PBXNativeTarget "Documents" */;
			buildPhases = (
				E7647F692509601C004A4AD6 /* Sources */,
				E7647F6A2509601C004A4AD6 /* Frameworks */,
				E7647F6B2509601C004A4AD6 /* Resources */,
			);
			buildRules = (
			);
			dependencies = (
			);
			name = Documents;
			productName = Documents;
			productReference = E7647F6D2509601C004A4AD6 /* Documents.app */;
			productType = "com.apple.product-type.application";
		};
		E7647F822509601C004A4AD6 /* DocumentsTests */ = {
			isa = PBXNativeTarget;
			buildConfigurationList = E7647F9A2509601D004A4AD6 /* Build configuration list for PBXNativeTarget "DocumentsTests" */;
			buildPhases = (
				E7647F7F2509601C004A4AD6 /* Sources */,
				E7647F802509601C004A4AD6 /* Frameworks */,
				E7647F812509601C004A4AD6 /* Resources */,
			);
			buildRules = (
			);
			dependencies = (
				E7647F852509601C004A4AD6 /* PBXTargetDependency */,
			);
			name = DocumentsTests;
			productName = DocumentsTests;
			productReference = E7647F832509601C004A4AD6 /* DocumentsTests.xctest */;
			productType = "com.apple.product-type.bundle.unit-test";
		};
		E7647F8D2509601D004A4AD6 /* DocumentsUITests */ = {
			isa = PBXNativeTarget;
			buildConfigurationList = E7647F9D2509601D004A4AD6 /* Build configuration list for PBXNativeTarget "DocumentsUITests" */;
			buildPhases = (
				E7647F8A2509601D004A4AD6 /* Sources */,
				E7647F8B2509601D004A4AD6 /* Frameworks */,
				E7647F8C2509601D004A4AD6 /* Resources */,
			);
			buildRules = (
			);
			dependencies = (
				E7647F902509601D004A4AD6 /* PBXTargetDependency */,
			);
			name = DocumentsUITests;
			productName = DocumentsUITests;
			productReference = E7647F8E2509601D004A4AD6 /* DocumentsUITests.xctest */;
			productType = "com.apple.product-type.bundle.ui-testing";
		};
/* End PBXNativeTarget section */

/* Begin PBXProject section */
		E7647F652509601C004A4AD6 /* Project object */ = {
			isa = PBXProject;
			attributes = {
				LastSwiftUpdateCheck = 1170;
				LastUpgradeCheck = 1170;
				ORGANIZATIONNAME = cdrm9t;
				TargetAttributes = {
					E7647F6C2509601C004A4AD6 = {
						CreatedOnToolsVersion = 11.7;
					};
					E7647F822509601C004A4AD6 = {
						CreatedOnToolsVersion = 11.7;
						TestTargetID = E7647F6C2509601C004A4AD6;
					};
					E7647F8D2509601D004A4AD6 = {
						CreatedOnToolsVersion = 11.7;
						TestTargetID = E7647F6C2509601C004A4AD6;
					};
				};
			};
			buildConfigurationList = E7647F682509601C004A4AD6 /* Build configuration list for PBXProject "Documents" */;
			compatibilityVersion = "Xcode 9.3";
			developmentRegion = en;
			hasScannedForEncodings = 0;
			knownRegions = (
				en,
				Base,
			);
			mainGroup = E7647F642509601C004A4AD6;
			productRefGroup = E7647F6E2509601C004A4AD6 /* Products */;
			projectDirPath = "";
			projectRoot = "";
			targets = (
				E7647F6C2509601C004A4AD6 /* Documents */,
				E7647F822509601C004A4AD6 /* DocumentsTests */,
				E7647F8D2509601D004A4AD6 /* DocumentsUITests */,
			);
		};
/* End PBXProject section */

/* Begin PBXResourcesBuildPhase section */
		E7647F6B2509601C004A4AD6 /* Resources */ = {
			isa = PBXResourcesBuildPhase;
			buildActionMask = 2147483647;
			files = (
				E7647F7D2509601C004A4AD6 /* LaunchScreen.storyboard in Resources */,
				E7647F7A2509601C004A4AD6 /* Assets.xcassets in Resources */,
				E7647F782509601C004A4AD6 /* Main.storyboard in Resources */,
			);
			runOnlyForDeploymentPostprocessing = 0;
		};
		E7647F812509601C004A4AD6 /* Resources */ = {
			isa = PBXResourcesBuildPhase;
			buildActionMask = 2147483647;
			files = (
			);
			runOnlyForDeploymentPostprocessing = 0;
		};
		E7647F8C2509601D004A4AD6 /* Resources */ = {
			isa = PBXResourcesBuildPhase;
			buildActionMask = 2147483647;
			files = (
			);
			runOnlyForDeploymentPostprocessing = 0;
		};
/* End PBXResourcesBuildPhase section */

/* Begin PBXSourcesBuildPhase section */
		E7647F692509601C004A4AD6 /* Sources */ = {
			isa = PBXSourcesBuildPhase;
			buildActionMask = 2147483647;
			files = (
				E7647F712509601C004A4AD6 /* AppDelegate.swift in Sources */,
				E7647F732509601C004A4AD6 /* SceneDelegate.swift in Sources */,
				E7647FA125096367004A4AD6 /* DocumentsListViewController.swift in Sources */,
				E7CAC7342509690B0087C777 /* DocumentCreateViewController.swift in Sources */,
				E7CAC73A25096C590087C777 /* Document.swift in Sources */,
			);
			runOnlyForDeploymentPostprocessing = 0;
		};
		E7647F7F2509601C004A4AD6 /* Sources */ = {
			isa = PBXSourcesBuildPhase;
			buildActionMask = 2147483647;
			files = (
				E7647F882509601C004A4AD6 /* DocumentsTests.swift in Sources */,
			);
			runOnlyForDeploymentPostprocessing = 0;
		};
		E7647F8A2509601D004A4AD6 /* Sources */ = {
			isa = PBXSourcesBuildPhase;
			buildActionMask = 2147483647;
			files = (
				E7647F932509601D004A4AD6 /* DocumentsUITests.swift in Sources */,
			);
			runOnlyForDeploymentPostprocessing = 0;
		};
/* End PBXSourcesBuildPhase section */

/* Begin PBXTargetDependency section */
		E7647F852509601C004A4AD6 /* PBXTargetDependency */ = {
			isa = PBXTargetDependency;
			target = E7647F6C2509601C004A4AD6 /* Documents */;
			targetProxy = E7647F842509601C004A4AD6 /* PBXContainerItemProxy */;
		};
		E7647F902509601D004A4AD6 /* PBXTargetDependency */ = {
			isa = PBXTargetDependency;
			target = E7647F6C2509601C004A4AD6 /* Documents */;
			targetProxy = E7647F8F2509601D004A4AD6 /* PBXContainerItemProxy */;
		};
/* End PBXTargetDependency section */

/* Begin PBXVariantGroup section */
		E7647F762509601C004A4AD6 /* Main.storyboard */ = {
			isa = PBXVariantGroup;
			children = (
				E7647F772509601C004A4AD6 /* Base */,
			);
			name = Main.storyboard;
			sourceTree = "<group>";
		};
		E7647F7B2509601C004A4AD6 /* LaunchScreen.storyboard */ = {
			isa = PBXVariantGroup;
			children = (
				E7647F7C2509601C004A4AD6 /* Base */,
			);
			name = LaunchScreen.storyboard;
			sourceTree = "<group>";
		};
/* End PBXVariantGroup section */

/* Begin XCBuildConfiguration section */
		E7647F952509601D004A4AD6 /* Debug */ = {
			isa = XCBuildConfiguration;
			buildSettings = {
				ALWAYS_SEARCH_USER_PATHS = NO;
				CLANG_ANALYZER_NONNULL = YES;
				CLANG_ANALYZER_NUMBER_OBJECT_CONVERSION = YES_AGGRESSIVE;
				CLANG_CXX_LANGUAGE_STANDARD = "gnu++14";
				CLANG_CXX_LIBRARY = "libc++";
				CLANG_ENABLE_MODULES = YES;
				CLANG_ENABLE_OBJC_ARC = YES;
				CLANG_ENABLE_OBJC_WEAK = YES;
				CLANG_WARN_BLOCK_CAPTURE_AUTORELEASING = YES;
				CLANG_WARN_BOOL_CONVERSION = YES;
				CLANG_WARN_COMMA = YES;
				CLANG_WARN_CONSTANT_CONVERSION = YES;
				CLANG_WARN_DEPRECATED_OBJC_IMPLEMENTATIONS = YES;
				CLANG_WARN_DIRECT_OBJC_ISA_USAGE = YES_ERROR;
				CLANG_WARN_DOCUMENTATION_COMMENTS = YES;
				CLANG_WARN_EMPTY_BODY = YES;
				CLANG_WARN_ENUM_CONVERSION = YES;
				CLANG_WARN_INFINITE_RECURSION = YES;
				CLANG_WARN_INT_CONVERSION = YES;
				CLANG_WARN_NON_LITERAL_NULL_CONVERSION = YES;
				CLANG_WARN_OBJC_IMPLICIT_RETAIN_SELF = YES;
				CLANG_WARN_OBJC_LITERAL_CONVERSION = YES;
				CLANG_WARN_OBJC_ROOT_CLASS = YES_ERROR;
				CLANG_WARN_RANGE_LOOP_ANALYSIS = YES;
				CLANG_WARN_STRICT_PROTOTYPES = YES;
				CLANG_WARN_SUSPICIOUS_MOVE = YES;
				CLANG_WARN_UNGUARDED_AVAILABILITY = YES_AGGRESSIVE;
				CLANG_WARN_UNREACHABLE_CODE = YES;
				CLANG_WARN__DUPLICATE_METHOD_MATCH = YES;
				COPY_PHASE_STRIP = NO;
				DEBUG_INFORMATION_FORMAT = dwarf;
				ENABLE_STRICT_OBJC_MSGSEND = YES;
				ENABLE_TESTABILITY = YES;
				GCC_C_LANGUAGE_STANDARD = gnu11;
				GCC_DYNAMIC_NO_PIC = NO;
				GCC_NO_COMMON_BLOCKS = YES;
				GCC_OPTIMIZATION_LEVEL = 0;
				GCC_PREPROCESSOR_DEFINITIONS = (
					"DEBUG=1",
					"$(inherited)",
				);
				GCC_WARN_64_TO_32_BIT_CONVERSION = YES;
				GCC_WARN_ABOUT_RETURN_TYPE = YES_ERROR;
				GCC_WARN_UNDECLARED_SELECTOR = YES;
				GCC_WARN_UNINITIALIZED_AUTOS = YES_AGGRESSIVE;
				GCC_WARN_UNUSED_FUNCTION = YES;
				GCC_WARN_UNUSED_VARIABLE = YES;
				IPHONEOS_DEPLOYMENT_TARGET = 13.7;
				MTL_ENABLE_DEBUG_INFO = INCLUDE_SOURCE;
				MTL_FAST_MATH = YES;
				ONLY_ACTIVE_ARCH = YES;
				SDKROOT = iphoneos;
				SWIFT_ACTIVE_COMPILATION_CONDITIONS = DEBUG;
				SWIFT_OPTIMIZATION_LEVEL = "-Onone";
			};
			name = Debug;
		};
		E7647F962509601D004A4AD6 /* Release */ = {
			isa = XCBuildConfiguration;
			buildSettings = {
				ALWAYS_SEARCH_USER_PATHS = NO;
				CLANG_ANALYZER_NONNULL = YES;
				CLANG_ANALYZER_NUMBER_OBJECT_CONVERSION = YES_AGGRESSIVE;
				CLANG_CXX_LANGUAGE_STANDARD = "gnu++14";
				CLANG_CXX_LIBRARY = "libc++";
				CLANG_ENABLE_MODULES = YES;
				CLANG_ENABLE_OBJC_ARC = YES;
				CLANG_ENABLE_OBJC_WEAK = YES;
				CLANG_WARN_BLOCK_CAPTURE_AUTORELEASING = YES;
				CLANG_WARN_BOOL_CONVERSION = YES;
				CLANG_WARN_COMMA = YES;
				CLANG_WARN_CONSTANT_CONVERSION = YES;
				CLANG_WARN_DEPRECATED_OBJC_IMPLEMENTATIONS = YES;
				CLANG_WARN_DIRECT_OBJC_ISA_USAGE = YES_ERROR;
				CLANG_WARN_DOCUMENTATION_COMMENTS = YES;
				CLANG_WARN_EMPTY_BODY = YES;
				CLANG_WARN_ENUM_CONVERSION = YES;
				CLANG_WARN_INFINITE_RECURSION = YES;
				CLANG_WARN_INT_CONVERSION = YES;
				CLANG_WARN_NON_LITERAL_NULL_CONVERSION = YES;
				CLANG_WARN_OBJC_IMPLICIT_RETAIN_SELF = YES;
				CLANG_WARN_OBJC_LITERAL_CONVERSION = YES;
				CLANG_WARN_OBJC_ROOT_CLASS = YES_ERROR;
				CLANG_WARN_RANGE_LOOP_ANALYSIS = YES;
				CLANG_WARN_STRICT_PROTOTYPES = YES;
				CLANG_WARN_SUSPICIOUS_MOVE = YES;
				CLANG_WARN_UNGUARDED_AVAILABILITY = YES_AGGRESSIVE;
				CLANG_WARN_UNREACHABLE_CODE = YES;
				CLANG_WARN__DUPLICATE_METHOD_MATCH = YES;
				COPY_PHASE_STRIP = NO;
				DEBUG_INFORMATION_FORMAT = "dwarf-with-dsym";
				ENABLE_NS_ASSERTIONS = NO;
				ENABLE_STRICT_OBJC_MSGSEND = YES;
				GCC_C_LANGUAGE_STANDARD = gnu11;
				GCC_NO_COMMON_BLOCKS = YES;
				GCC_WARN_64_TO_32_BIT_CONVERSION = YES;
				GCC_WARN_ABOUT_RETURN_TYPE = YES_ERROR;
				GCC_WARN_UNDECLARED_SELECTOR = YES;
				GCC_WARN_UNINITIALIZED_AUTOS = YES_AGGRESSIVE;
				GCC_WARN_UNUSED_FUNCTION = YES;
				GCC_WARN_UNUSED_VARIABLE = YES;
				IPHONEOS_DEPLOYMENT_TARGET = 13.7;
				MTL_ENABLE_DEBUG_INFO = NO;
				MTL_FAST_MATH = YES;
				SDKROOT = iphoneos;
				SWIFT_COMPILATION_MODE = wholemodule;
				SWIFT_OPTIMIZATION_LEVEL = "-O";
				VALIDATE_PRODUCT = YES;
			};
			name = Release;
		};
		E7647F982509601D004A4AD6 /* Debug */ = {
			isa = XCBuildConfiguration;
			buildSettings = {
				ASSETCATALOG_COMPILER_APPICON_NAME = AppIcon;
				CODE_SIGN_STYLE = Automatic;
				DEVELOPMENT_TEAM = HHNY8VNK5A;
				INFOPLIST_FILE = Documents/Info.plist;
				LD_RUNPATH_SEARCH_PATHS = (
					"$(inherited)",
					"@executable_path/Frameworks",
				);
				PRODUCT_BUNDLE_IDENTIFIER = cdrm9t.Documents;
				PRODUCT_NAME = "$(TARGET_NAME)";
				SWIFT_VERSION = 5.0;
				TARGETED_DEVICE_FAMILY = "1,2";
			};
			name = Debug;
		};
		E7647F992509601D004A4AD6 /* Release */ = {
			isa = XCBuildConfiguration;
			buildSettings = {
				ASSETCATALOG_COMPILER_APPICON_NAME = AppIcon;
				CODE_SIGN_STYLE = Automatic;
				DEVELOPMENT_TEAM = HHNY8VNK5A;
				INFOPLIST_FILE = Documents/Info.plist;
				LD_RUNPATH_SEARCH_PATHS = (
					"$(inherited)",
					"@executable_path/Frameworks",
				);
				PRODUCT_BUNDLE_IDENTIFIER = cdrm9t.Documents;
				PRODUCT_NAME = "$(TARGET_NAME)";
				SWIFT_VERSION = 5.0;
				TARGETED_DEVICE_FAMILY = "1,2";
			};
			name = Release;
		};
		E7647F9B2509601D004A4AD6 /* Debug */ = {
			isa = XCBuildConfiguration;
			buildSettings = {
				ALWAYS_EMBED_SWIFT_STANDARD_LIBRARIES = YES;
				BUNDLE_LOADER = "$(TEST_HOST)";
				CODE_SIGN_STYLE = Automatic;
				DEVELOPMENT_TEAM = HHNY8VNK5A;
				INFOPLIST_FILE = DocumentsTests/Info.plist;
				IPHONEOS_DEPLOYMENT_TARGET = 13.7;
				LD_RUNPATH_SEARCH_PATHS = (
					"$(inherited)",
					"@executable_path/Frameworks",
					"@loader_path/Frameworks",
				);
				PRODUCT_BUNDLE_IDENTIFIER = cdrm9t.DocumentsTests;
				PRODUCT_NAME = "$(TARGET_NAME)";
				SWIFT_VERSION = 5.0;
				TARGETED_DEVICE_FAMILY = "1,2";
				TEST_HOST = "$(BUILT_PRODUCTS_DIR)/Documents.app/Documents";
			};
			name = Debug;
		};
		E7647F9C2509601D004A4AD6 /* Release */ = {
			isa = XCBuildConfiguration;
			buildSettings = {
				ALWAYS_EMBED_SWIFT_STANDARD_LIBRARIES = YES;
				BUNDLE_LOADER = "$(TEST_HOST)";
				CODE_SIGN_STYLE = Automatic;
				DEVELOPMENT_TEAM = HHNY8VNK5A;
				INFOPLIST_FILE = DocumentsTests/Info.plist;
				IPHONEOS_DEPLOYMENT_TARGET = 13.7;
				LD_RUNPATH_SEARCH_PATHS = (
					"$(inherited)",
					"@executable_path/Frameworks",
					"@loader_path/Frameworks",
				);
				PRODUCT_BUNDLE_IDENTIFIER = cdrm9t.DocumentsTests;
				PRODUCT_NAME = "$(TARGET_NAME)";
				SWIFT_VERSION = 5.0;
				TARGETED_DEVICE_FAMILY = "1,2";
				TEST_HOST = "$(BUILT_PRODUCTS_DIR)/Documents.app/Documents";
			};
			name = Release;
		};
		E7647F9E2509601D004A4AD6 /* Debug */ = {
			isa = XCBuildConfiguration;
			buildSettings = {
				ALWAYS_EMBED_SWIFT_STANDARD_LIBRARIES = YES;
				CODE_SIGN_STYLE = Automatic;
				DEVELOPMENT_TEAM = HHNY8VNK5A;
				INFOPLIST_FILE = DocumentsUITests/Info.plist;
				LD_RUNPATH_SEARCH_PATHS = (
					"$(inherited)",
					"@executable_path/Frameworks",
					"@loader_path/Frameworks",
				);
				PRODUCT_BUNDLE_IDENTIFIER = cdrm9t.DocumentsUITests;
				PRODUCT_NAME = "$(TARGET_NAME)";
				SWIFT_VERSION = 5.0;
				TARGETED_DEVICE_FAMILY = "1,2";
				TEST_TARGET_NAME = Documents;
			};
			name = Debug;
		};
		E7647F9F2509601D004A4AD6 /* Release */ = {
			isa = XCBuildConfiguration;
			buildSettings = {
				ALWAYS_EMBED_SWIFT_STANDARD_LIBRARIES = YES;
				CODE_SIGN_STYLE = Automatic;
				DEVELOPMENT_TEAM = HHNY8VNK5A;
				INFOPLIST_FILE = DocumentsUITests/Info.plist;
				LD_RUNPATH_SEARCH_PATHS = (
					"$(inherited)",
					"@executable_path/Frameworks",
					"@loader_path/Frameworks",
				);
				PRODUCT_BUNDLE_IDENTIFIER = cdrm9t.DocumentsUITests;
				PRODUCT_NAME = "$(TARGET_NAME)";
				SWIFT_VERSION = 5.0;
				TARGETED_DEVICE_FAMILY = "1,2";
				TEST_TARGET_NAME = Documents;
			};
			name = Release;
		};
/* End XCBuildConfiguration section */

/* Begin XCConfigurationList section */
		E7647F682509601C004A4AD6 /* Build configuration list for PBXProject "Documents" */ = {
			isa = XCConfigurationList;
			buildConfigurations = (
				E7647F952509601D004A4AD6 /* Debug */,
				E7647F962509601D004A4AD6 /* Release */,
			);
			defaultConfigurationIsVisible = 0;
			defaultConfigurationName = Release;
		};
		E7647F972509601D004A4AD6 /* Build configuration list for PBXNativeTarget "Documents" */ = {
			isa = XCConfigurationList;
			buildConfigurations = (
				E7647F982509601D004A4AD6 /* Debug */,
				E7647F992509601D004A4AD6 /* Release */,
			);
			defaultConfigurationIsVisible = 0;
			defaultConfigurationName = Release;
		};
		E7647F9A2509601D004A4AD6 /* Build configuration list for PBXNativeTarget "DocumentsTests" */ = {
			isa = XCConfigurationList;
			buildConfigurations = (
				E7647F9B2509601D004A4AD6 /* Debug */,
				E7647F9C2509601D004A4AD6 /* Release */,
			);
			defaultConfigurationIsVisible = 0;
			defaultConfigurationName = Release;
		};
		E7647F9D2509601D004A4AD6 /* Build configuration list for PBXNativeTarget "DocumentsUITests" */ = {
			isa = XCConfigurationList;
			buildConfigurations = (
				E7647F9E2509601D004A4AD6 /* Debug */,
				E7647F9F2509601D004A4AD6 /* Release */,
			);
			defaultConfigurationIsVisible = 0;
			defaultConfigurationName = Release;
		};
/* End XCConfigurationList section */
	};
	rootObject = E7647F652509601C004A4AD6 /* Project object */;
}
